
Microsoft Visual Studio Solution File, Format Version 12.00
# Visual Studio 15
Project("{FAE04EC0-301F-11D3-BF4B-00C04F79EFBC}") = "UnityEngine.UI", "UnityEngine.UI.csproj", "{2F9F85CF-D9FA-7267-0D78-407161E2B6E9}"
EndProject
Project("{FAE04EC0-301F-11D3-BF4B-00C04F79EFBC}") = "Assembly-CSharp", "Assembly-CSharp.csproj", "{177895CB-4F47-3755-436B-A776DA2B4B54}"
EndProject
Project("{FAE04EC0-301F-11D3-BF4B-00C04F79EFBC}") = "UnityEditor.UI", "UnityEditor.UI.csproj", "{D5434E43-8401-94C2-B9FA-2F284F2C2A1B}"
EndProject
Project("{FAE04EC0-301F-11D3-BF4B-00C04F79EFBC}") = "UnityEngine.UI", "UnityEngine.UI.Player.csproj", "{1F8DA50C-D6FE-A985-3E22-AF68D305859F}"
EndProject
Project("{FAE04EC0-301F-11D3-BF4B-00C04F79EFBC}") = "Assembly-CSharp", "Assembly-CSharp.Player.csproj", "{DFA9B6AC-086F-329A-2D1E-A2F5D95A253E}"
EndProject
Global
	GlobalSection(SolutionConfigurationPlatforms) = preSolution
		Debug|Any CPU = Debug|Any CPU
		Release|Any CPU = Release|Any CPU
	EndGlobalSection
	GlobalSection(ProjectConfigurationPlatforms) = postSolution
		{2F9F85CF-D9FA-7267-0D78-407161E2B6E9}.Debug|Any CPU.ActiveCfg = Debug|Any CPU
		{2F9F85CF-D9FA-7267-0D78-407161E2B6E9}.Debug|Any CPU.Build.0 = Debug|Any CPU
		{2F9F85CF-D9FA-7267-0D78-407161E2B6E9}.Release|Any CPU.ActiveCfg = Release|Any CPU
		{2F9F85CF-D9FA-7267-0D78-407161E2B6E9}.Release|Any CPU.Build.0 = Release|Any CPU
		{177895CB-4F47-3755-436B-A776DA2B4B54}.Debug|Any CPU.ActiveCfg = Debug|Any CPU
		{177895CB-4F47-3755-436B-A776DA2B4B54}.Debug|Any CPU.Build.0 = Debug|Any CPU
		{177895CB-4F47-3755-436B-A776DA2B4B54}.Release|Any CPU.ActiveCfg = Release|Any CPU
		{177895CB-4F47-3755-436B-A776DA2B4B54}.Release|Any CPU.Build.0 = Release|Any CPU
		{D5434E43-8401-94C2-B9FA-2F284F2C2A1B}.Debug|Any CPU.ActiveCfg = Debug|Any CPU
		{D5434E43-8401-94C2-B9FA-2F284F2C2A1B}.Debug|Any CPU.Build.0 = Debug|Any CPU
		{D5434E43-8401-94C2-B9FA-2F284F2C2A1B}.Release|Any CPU.ActiveCfg = Release|Any CPU
		{D5434E43-8401-94C2-B9FA-2F284F2C2A1B}.Release|Any CPU.Build.0 = Release|Any CPU
		{1F8DA50C-D6FE-A985-3E22-AF68D305859F}.Debug|Any CPU.ActiveCfg = Debug|Any CPU
		{1F8DA50C-D6FE-A985-3E22-AF68D305859F}.Debug|Any CPU.Build.0 = Debug|Any CPU
		{1F8DA50C-D6FE-A985-3E22-AF68D305859F}.Release|Any CPU.ActiveCfg = Release|Any CPU
		{1F8DA50C-D6FE-A985-3E22-AF68D305859F}.Release|Any CPU.Build.0 = Release|Any CPU
		{DFA9B6AC-086F-329A-2D1E-A2F5D95A253E}.Debug|Any CPU.ActiveCfg = Debug|Any CPU
		{DFA9B6AC-086F-329A-2D1E-A2F5D95A253E}.Debug|Any CPU.Build.0 = Debug|Any CPU
		{DFA9B6AC-086F-329A-2D1E-A2F5D95A253E}.Release|Any CPU.ActiveCfg = Release|Any CPU
		{DFA9B6AC-086F-329A-2D1E-A2F5D95A253E}.Release|Any CPU.Build.0 = Release|Any CPU
	EndGlobalSection
	GlobalSection(SolutionProperties) = preSolution
		HideSolutionNode = FALSE
	EndGlobalSection
EndGlobal
